
Microsoft Visual Studio Solution File, Format Version 12.00
# Visual Studio Version 16
VisualStudioVersion = 16.0.30503.244
MinimumVisualStudioVersion = 10.0.40219.1
Project("{8BC9CEB8-8B4A-11D0-8D11-00A0C91BC942}") = "money", "money.vcxproj", "{492AC47B-68D8-4902-9991-6F0622CE8354}"
EndProject
Global
	GlobalSection(SolutionConfigurationPlatforms) = preSolution
		Debug|x64 = Debug|x64
		Debug|x86 = Debug|x86
		Release|x64 = Release|x64
		Release|x86 = Release|x86
	EndGlobalSection
	GlobalSection(ProjectConfigurationPlatforms) = postSolution
		{492AC47B-68D8-4902-9991-6F0622CE8354}.Debug|x64.ActiveCfg = Debug|x64
		{492AC47B-68D8-4902-9991-6F0622CE8354}.Debug|x64.Build.0 = Debug|x64
		{492AC47B-68D8-4902-9991-6F0622CE8354}.Debug|x86.ActiveCfg = Debug|Win32
		{492AC47B-68D8-4902-9991-6F0622CE8354}.Debug|x86.Build.0 = Debug|Win32
		{492AC47B-68D8-4902-9991-6F0622CE8354}.Release|x64.ActiveCfg = Release|x64
		{492AC47B-68D8-4902-9991-6F0622CE8354}.Release|x64.Build.0 = Release|x64
		{492AC47B-68D8-4902-9991-6F0622CE8354}.Release|x86.ActiveCfg = Release|Win32
		{492AC47B-68D8-4902-9991-6F0622CE8354}.Release|x86.Build.0 = Release|Win32
	EndGlobalSection
	GlobalSection(SolutionProperties) = preSolution
		HideSolutionNode = FALSE
	EndGlobalSection
	GlobalSection(ExtensibilityGlobals) = postSolution
		SolutionGuid = {07683ACB-7D74-4E35-8A64-0EDDB45A860E}
	EndGlobalSection
EndGlobal
