
Microsoft Visual Studio Solution File, Format Version 12.00
# Visual Studio Version 16
VisualStudioVersion = 16.0.30503.244
MinimumVisualStudioVersion = 10.0.40219.1
Project("{8BC9CEB8-8B4A-11D0-8D11-00A0C91BC942}") = "Lab07", "Lab07.vcxproj", "{63A6107F-849B-4C90-B610-0845025D303C}"
EndProject
Global
	GlobalSection(SolutionConfigurationPlatforms) = preSolution
		Debug|x64 = Debug|x64
		Debug|x86 = Debug|x86
		Release|x64 = Release|x64
		Release|x86 = Release|x86
	EndGlobalSection
	GlobalSection(ProjectConfigurationPlatforms) = postSolution
		{63A6107F-849B-4C90-B610-0845025D303C}.Debug|x64.ActiveCfg = Debug|x64
		{63A6107F-849B-4C90-B610-0845025D303C}.Debug|x64.Build.0 = Debug|x64
		{63A6107F-849B-4C90-B610-0845025D303C}.Debug|x86.ActiveCfg = Debug|Win32
		{63A6107F-849B-4C90-B610-0845025D303C}.Debug|x86.Build.0 = Debug|Win32
		{63A6107F-849B-4C90-B610-0845025D303C}.Release|x64.ActiveCfg = Release|x64
		{63A6107F-849B-4C90-B610-0845025D303C}.Release|x64.Build.0 = Release|x64
		{63A6107F-849B-4C90-B610-0845025D303C}.Release|x86.ActiveCfg = Release|Win32
		{63A6107F-849B-4C90-B610-0845025D303C}.Release|x86.Build.0 = Release|Win32
	EndGlobalSection
	GlobalSection(SolutionProperties) = preSolution
		HideSolutionNode = FALSE
	EndGlobalSection
	GlobalSection(ExtensibilityGlobals) = postSolution
		SolutionGuid = {5C951315-0404-422A-9657-C0FE1B52BB58}
	EndGlobalSection
EndGlobal
